// !$*UTF8*$!
{
	archiveVersion = 1;
	classes = {
	};
	objectVersion = 56;
	objects = {

/* Begin PBXBuildFile section */
		B045725B2A35A685004E2C99 /* BeverageListViewModel.swift in Sources */ = {isa = PBXBuildFile; fileRef = B045725A2A35A685004E2C99 /* BeverageListViewModel.swift */; };
		B045725D2A3879C7004E2C99 /* CKRecordExt.swift in Sources */ = {isa = PBXBuildFile; fileRef = B045725C2A3879C7004E2C99 /* CKRecordExt.swift */; };
		B045725F2A388508004E2C99 /* CNBeverageDetailView.swift in Sources */ = {isa = PBXBuildFile; fileRef = B045725E2A388508004E2C99 /* CNBeverageDetailView.swift */; };
		B04572612A389E05004E2C99 /* Utilities.swift in Sources */ = {isa = PBXBuildFile; fileRef = B04572602A389E05004E2C99 /* Utilities.swift */; };
		B04CABED29F02B1000238E68 /* UISettingView.swift in Sources */ = {isa = PBXBuildFile; fileRef = B04CABEC29F02B1000238E68 /* UISettingView.swift */; };
		B04CABEF29F02ED900238E68 /* CNThemeToggle.swift in Sources */ = {isa = PBXBuildFile; fileRef = B04CABEE29F02ED900238E68 /* CNThemeToggle.swift */; };
		B04CABF129F3E90800238E68 /* CNProfile.swift in Sources */ = {isa = PBXBuildFile; fileRef = B04CABF029F3E90800238E68 /* CNProfile.swift */; };
		B04DB4E729BAFFA80076058B /* MetabolicParameterView.swift in Sources */ = {isa = PBXBuildFile; fileRef = B04DB4E629BAFFA80076058B /* MetabolicParameterView.swift */; };
		B04DB4E929BB219F0076058B /* AppIconView.swift in Sources */ = {isa = PBXBuildFile; fileRef = B04DB4E829BB219F0076058B /* AppIconView.swift */; };
		B04DB4EB29BB2BD20076058B /* NotificationsSettingView.swift in Sources */ = {isa = PBXBuildFile; fileRef = B04DB4EA29BB2BD20076058B /* NotificationsSettingView.swift */; };
		B04DB4ED29BB2D610076058B /* DayNotification.swift in Sources */ = {isa = PBXBuildFile; fileRef = B04DB4EC29BB2D610076058B /* DayNotification.swift */; };
		B04DB4EF29BB4BAF0076058B /* AddLogBeverageListView.swift in Sources */ = {isa = PBXBuildFile; fileRef = B04DB4EE29BB4BAF0076058B /* AddLogBeverageListView.swift */; };
		B04DB4F129BB4E980076058B /* AddLogBeverageDetailView.swift in Sources */ = {isa = PBXBuildFile; fileRef = B04DB4F029BB4E980076058B /* AddLogBeverageDetailView.swift */; };
		B04DB50E29BB59540076058B /* XDismissButton.swift in Sources */ = {isa = PBXBuildFile; fileRef = B04DB50D29BB59540076058B /* XDismissButton.swift */; };
		B050F3CA2A2C9DA50045B2F8 /* CKAssetExt.swift in Sources */ = {isa = PBXBuildFile; fileRef = B050F3C92A2C9DA50045B2F8 /* CKAssetExt.swift */; };
		B050F3CC2A2CA9CB0045B2F8 /* CloudKitManager.swift in Sources */ = {isa = PBXBuildFile; fileRef = B050F3CB2A2CA9CB0045B2F8 /* CloudKitManager.swift */; };
		B050F3CE2A2CB10D0045B2F8 /* LoadingView.swift in Sources */ = {isa = PBXBuildFile; fileRef = B050F3CD2A2CB10D0045B2F8 /* LoadingView.swift */; };
		B06D4B9E2A685BE900980FCA /* AddLogBeverageViewModel.swift in Sources */ = {isa = PBXBuildFile; fileRef = B06D4B9D2A685BE900980FCA /* AddLogBeverageViewModel.swift */; };
		B06D4BA02A685D5B00980FCA /* CNLog.swift in Sources */ = {isa = PBXBuildFile; fileRef = B06D4B9F2A685D5B00980FCA /* CNLog.swift */; };
		B07047E62A2C64F80035CFE3 /* CNProfileViewModel.swift in Sources */ = {isa = PBXBuildFile; fileRef = B07047E52A2C64F80035CFE3 /* CNProfileViewModel.swift */; };
		B07047E82A2C69330035CFE3 /* UIImageExt.swift in Sources */ = {isa = PBXBuildFile; fileRef = B07047E72A2C69330035CFE3 /* UIImageExt.swift */; };
		B0C64DC929B5ED0700C3BC07 /* CaffeineNapApp.swift in Sources */ = {isa = PBXBuildFile; fileRef = B0C64DC829B5ED0700C3BC07 /* CaffeineNapApp.swift */; };
		B0C64DCD29B5ED0800C3BC07 /* Assets.xcassets in Resources */ = {isa = PBXBuildFile; fileRef = B0C64DCC29B5ED0800C3BC07 /* Assets.xcassets */; };
		B0C64DD829B5ED5200C3BC07 /* .gitignore in Resources */ = {isa = PBXBuildFile; fileRef = B0C64DD729B5ED5200C3BC07 /* .gitignore */; };
		B0C64DDA29B5ED5E00C3BC07 /* README.md in Resources */ = {isa = PBXBuildFile; fileRef = B0C64DD929B5ED5E00C3BC07 /* README.md */; };
		B0C64DDF29B5F87900C3BC07 /* CNTabView.swift in Sources */ = {isa = PBXBuildFile; fileRef = B0C64DDE29B5F87900C3BC07 /* CNTabView.swift */; };
		B0C64DE229B5FED900C3BC07 /* ColorExt.swift in Sources */ = {isa = PBXBuildFile; fileRef = B0C64DE129B5FED900C3BC07 /* ColorExt.swift */; };
		B0C64DE429B603EE00C3BC07 /* CNHomeView.swift in Sources */ = {isa = PBXBuildFile; fileRef = B0C64DE329B603EE00C3BC07 /* CNHomeView.swift */; };
		B0C64DE729B6EF8C00C3BC07 /* MainInfo.swift in Sources */ = {isa = PBXBuildFile; fileRef = B0C64DE629B6EF8C00C3BC07 /* MainInfo.swift */; };
		B0C64DE929B6F1CB00C3BC07 /* CaffeineLevelInfo.swift in Sources */ = {isa = PBXBuildFile; fileRef = B0C64DE829B6F1CB00C3BC07 /* CaffeineLevelInfo.swift */; };
		B0C64DEB29B6FDAD00C3BC07 /* HeartRateInfo.swift in Sources */ = {isa = PBXBuildFile; fileRef = B0C64DEA29B6FDAD00C3BC07 /* HeartRateInfo.swift */; };
		B0C64DED29B6FE4A00C3BC07 /* BloodOxygenInfo.swift in Sources */ = {isa = PBXBuildFile; fileRef = B0C64DEC29B6FE4A00C3BC07 /* BloodOxygenInfo.swift */; };
		B0C64DEF29B717C700C3BC07 /* DrinksOfTheDayInfo.swift in Sources */ = {isa = PBXBuildFile; fileRef = B0C64DEE29B717C700C3BC07 /* DrinksOfTheDayInfo.swift */; };
		B0C64DF229B71D5C00C3BC07 /* CNBeveragesListView.swift in Sources */ = {isa = PBXBuildFile; fileRef = B0C64DF129B71D5C00C3BC07 /* CNBeveragesListView.swift */; };
		B0C64DF429B8803000C3BC07 /* MockData.swift in Sources */ = {isa = PBXBuildFile; fileRef = B0C64DF329B8803000C3BC07 /* MockData.swift */; };
		B0C64DF629B88B3D00C3BC07 /* CNBeverage.swift in Sources */ = {isa = PBXBuildFile; fileRef = B0C64DF529B88B3D00C3BC07 /* CNBeverage.swift */; };
		B0C64DF829B8A7CC00C3BC07 /* Medicine.swift in Sources */ = {isa = PBXBuildFile; fileRef = B0C64DF729B8A7CC00C3BC07 /* Medicine.swift */; };
		B0C64DFA29B9BF8500C3BC07 /* ProfileView.swift in Sources */ = {isa = PBXBuildFile; fileRef = B0C64DF929B9BF8500C3BC07 /* ProfileView.swift */; };
		B0C64DFC29B9C27300C3BC07 /* Constants.swift in Sources */ = {isa = PBXBuildFile; fileRef = B0C64DFB29B9C27300C3BC07 /* Constants.swift */; };
		B0C64E0029B9C6B300C3BC07 /* CustomModifiers.swift in Sources */ = {isa = PBXBuildFile; fileRef = B0C64DFF29B9C6B300C3BC07 /* CustomModifiers.swift */; };
		B0C64E0229B9C72E00C3BC07 /* ViewExt.swift in Sources */ = {isa = PBXBuildFile; fileRef = B0C64E0129B9C72E00C3BC07 /* ViewExt.swift */; };
		B0C64E0429BA0FC400C3BC07 /* SettingRow.swift in Sources */ = {isa = PBXBuildFile; fileRef = B0C64E0329BA0FC400C3BC07 /* SettingRow.swift */; };
		B0DDF64B2A56BA870097E5B6 /* CNCustomBeverageAddView.swift in Sources */ = {isa = PBXBuildFile; fileRef = B0DDF64A2A56BA870097E5B6 /* CNCustomBeverageAddView.swift */; };
		B0E7B91F2A6079DD00ADB0C7 /* EmptyCustomBeverageListView.swift in Sources */ = {isa = PBXBuildFile; fileRef = B0E7B91E2A6079DD00ADB0C7 /* EmptyCustomBeverageListView.swift */; };
		B0E7B9212A613FC600ADB0C7 /* BeverageDetailViewModel.swift in Sources */ = {isa = PBXBuildFile; fileRef = B0E7B9202A613FC600ADB0C7 /* BeverageDetailViewModel.swift */; };
		B0E7B9242A6147E700ADB0C7 /* CNBeverageManager.swift in Sources */ = {isa = PBXBuildFile; fileRef = B0E7B9232A6147E700ADB0C7 /* CNBeverageManager.swift */; };
		B0EF618A2A0104E7009F272E /* AvatarView.swift in Sources */ = {isa = PBXBuildFile; fileRef = B0EF61892A0104E7009F272E /* AvatarView.swift */; };
		B0EF618D2A0119CB009F272E /* PhotoPicker.swift in Sources */ = {isa = PBXBuildFile; fileRef = B0EF618C2A0119CB009F272E /* PhotoPicker.swift */; };
		B0EF618F2A0132AB009F272E /* AlertItem.swift in Sources */ = {isa = PBXBuildFile; fileRef = B0EF618E2A0132AB009F272E /* AlertItem.swift */; };
		B0FDE8832A5EE9090061F620 /* CustomBeverageViewModel.swift in Sources */ = {isa = PBXBuildFile; fileRef = B0FDE8822A5EE9090061F620 /* CustomBeverageViewModel.swift */; };
		B0FDE8852A5EE9650061F620 /* CustomTextField.swift in Sources */ = {isa = PBXBuildFile; fileRef = B0FDE8842A5EE9650061F620 /* CustomTextField.swift */; };
/* End PBXBuildFile section */

/* Begin PBXFileReference section */
		B045725A2A35A685004E2C99 /* BeverageListViewModel.swift */ = {isa = PBXFileReference; lastKnownFileType = sourcecode.swift; path = BeverageListViewModel.swift; sourceTree = "<group>"; };
		B045725C2A3879C7004E2C99 /* CKRecordExt.swift */ = {isa = PBXFileReference; lastKnownFileType = sourcecode.swift; path = CKRecordExt.swift; sourceTree = "<group>"; };
		B045725E2A388508004E2C99 /* CNBeverageDetailView.swift */ = {isa = PBXFileReference; lastKnownFileType = sourcecode.swift; path = CNBeverageDetailView.swift; sourceTree = "<group>"; };
		B04572602A389E05004E2C99 /* Utilities.swift */ = {isa = PBXFileReference; lastKnownFileType = sourcecode.swift; path = Utilities.swift; sourceTree = "<group>"; };
		B04CABEC29F02B1000238E68 /* UISettingView.swift */ = {isa = PBXFileReference; lastKnownFileType = sourcecode.swift; path = UISettingView.swift; sourceTree = "<group>"; };
		B04CABEE29F02ED900238E68 /* CNThemeToggle.swift */ = {isa = PBXFileReference; lastKnownFileType = sourcecode.swift; path = CNThemeToggle.swift; sourceTree = "<group>"; };
		B04CABF029F3E90800238E68 /* CNProfile.swift */ = {isa = PBXFileReference; lastKnownFileType = sourcecode.swift; path = CNProfile.swift; sourceTree = "<group>"; };
		B04DB4E629BAFFA80076058B /* MetabolicParameterView.swift */ = {isa = PBXFileReference; lastKnownFileType = sourcecode.swift; path = MetabolicParameterView.swift; sourceTree = "<group>"; };
		B04DB4E829BB219F0076058B /* AppIconView.swift */ = {isa = PBXFileReference; lastKnownFileType = sourcecode.swift; path = AppIconView.swift; sourceTree = "<group>"; };
		B04DB4EA29BB2BD20076058B /* NotificationsSettingView.swift */ = {isa = PBXFileReference; lastKnownFileType = sourcecode.swift; path = NotificationsSettingView.swift; sourceTree = "<group>"; };
		B04DB4EC29BB2D610076058B /* DayNotification.swift */ = {isa = PBXFileReference; lastKnownFileType = sourcecode.swift; path = DayNotification.swift; sourceTree = "<group>"; };
		B04DB4EE29BB4BAF0076058B /* AddLogBeverageListView.swift */ = {isa = PBXFileReference; lastKnownFileType = sourcecode.swift; path = AddLogBeverageListView.swift; sourceTree = "<group>"; };
		B04DB4F029BB4E980076058B /* AddLogBeverageDetailView.swift */ = {isa = PBXFileReference; lastKnownFileType = sourcecode.swift; path = AddLogBeverageDetailView.swift; sourceTree = "<group>"; };
		B04DB50D29BB59540076058B /* XDismissButton.swift */ = {isa = PBXFileReference; lastKnownFileType = sourcecode.swift; path = XDismissButton.swift; sourceTree = "<group>"; };
		B050F3C92A2C9DA50045B2F8 /* CKAssetExt.swift */ = {isa = PBXFileReference; lastKnownFileType = sourcecode.swift; path = CKAssetExt.swift; sourceTree = "<group>"; };
		B050F3CB2A2CA9CB0045B2F8 /* CloudKitManager.swift */ = {isa = PBXFileReference; lastKnownFileType = sourcecode.swift; path = CloudKitManager.swift; sourceTree = "<group>"; };
		B050F3CD2A2CB10D0045B2F8 /* LoadingView.swift */ = {isa = PBXFileReference; lastKnownFileType = sourcecode.swift; path = LoadingView.swift; sourceTree = "<group>"; };
		B06D4B9D2A685BE900980FCA /* AddLogBeverageViewModel.swift */ = {isa = PBXFileReference; lastKnownFileType = sourcecode.swift; path = AddLogBeverageViewModel.swift; sourceTree = "<group>"; };
		B06D4B9F2A685D5B00980FCA /* CNLog.swift */ = {isa = PBXFileReference; lastKnownFileType = sourcecode.swift; path = CNLog.swift; sourceTree = "<group>"; };
		B07047E52A2C64F80035CFE3 /* CNProfileViewModel.swift */ = {isa = PBXFileReference; lastKnownFileType = sourcecode.swift; path = CNProfileViewModel.swift; sourceTree = "<group>"; };
		B07047E72A2C69330035CFE3 /* UIImageExt.swift */ = {isa = PBXFileReference; lastKnownFileType = sourcecode.swift; path = UIImageExt.swift; sourceTree = "<group>"; };
		B0C64DC529B5ED0700C3BC07 /* CaffeineNap.app */ = {isa = PBXFileReference; explicitFileType = wrapper.application; includeInIndex = 0; path = CaffeineNap.app; sourceTree = BUILT_PRODUCTS_DIR; };
		B0C64DC829B5ED0700C3BC07 /* CaffeineNapApp.swift */ = {isa = PBXFileReference; lastKnownFileType = sourcecode.swift; path = CaffeineNapApp.swift; sourceTree = "<group>"; };
		B0C64DCC29B5ED0800C3BC07 /* Assets.xcassets */ = {isa = PBXFileReference; lastKnownFileType = folder.assetcatalog; path = Assets.xcassets; sourceTree = "<group>"; };
		B0C64DCF29B5ED0800C3BC07 /* Preview Assets.xcassets */ = {isa = PBXFileReference; lastKnownFileType = folder.assetcatalog; path = "Preview Assets.xcassets"; sourceTree = "<group>"; };
		B0C64DD629B5ED1000C3BC07 /* CaffeineNap.entitlements */ = {isa = PBXFileReference; lastKnownFileType = text.plist.entitlements; path = CaffeineNap.entitlements; sourceTree = "<group>"; };
		B0C64DD729B5ED5200C3BC07 /* .gitignore */ = {isa = PBXFileReference; lastKnownFileType = text; path = .gitignore; sourceTree = "<group>"; };
		B0C64DD929B5ED5E00C3BC07 /* README.md */ = {isa = PBXFileReference; lastKnownFileType = net.daringfireball.markdown; path = README.md; sourceTree = "<group>"; };
		B0C64DDE29B5F87900C3BC07 /* CNTabView.swift */ = {isa = PBXFileReference; lastKnownFileType = sourcecode.swift; path = CNTabView.swift; sourceTree = "<group>"; };
		B0C64DE129B5FED900C3BC07 /* ColorExt.swift */ = {isa = PBXFileReference; lastKnownFileType = sourcecode.swift; path = ColorExt.swift; sourceTree = "<group>"; };
		B0C64DE329B603EE00C3BC07 /* CNHomeView.swift */ = {isa = PBXFileReference; lastKnownFileType = sourcecode.swift; path = CNHomeView.swift; sourceTree = "<group>"; };
		B0C64DE629B6EF8C00C3BC07 /* MainInfo.swift */ = {isa = PBXFileReference; lastKnownFileType = sourcecode.swift; path = MainInfo.swift; sourceTree = "<group>"; };
		B0C64DE829B6F1CB00C3BC07 /* CaffeineLevelInfo.swift */ = {isa = PBXFileReference; lastKnownFileType = sourcecode.swift; path = CaffeineLevelInfo.swift; sourceTree = "<group>"; };
		B0C64DEA29B6FDAD00C3BC07 /* HeartRateInfo.swift */ = {isa = PBXFileReference; lastKnownFileType = sourcecode.swift; path = HeartRateInfo.swift; sourceTree = "<group>"; };
		B0C64DEC29B6FE4A00C3BC07 /* BloodOxygenInfo.swift */ = {isa = PBXFileReference; lastKnownFileType = sourcecode.swift; path = BloodOxygenInfo.swift; sourceTree = "<group>"; };
		B0C64DEE29B717C700C3BC07 /* DrinksOfTheDayInfo.swift */ = {isa = PBXFileReference; lastKnownFileType = sourcecode.swift; path = DrinksOfTheDayInfo.swift; sourceTree = "<group>"; };
		B0C64DF129B71D5C00C3BC07 /* CNBeveragesListView.swift */ = {isa = PBXFileReference; lastKnownFileType = sourcecode.swift; path = CNBeveragesListView.swift; sourceTree = "<group>"; };
		B0C64DF329B8803000C3BC07 /* MockData.swift */ = {isa = PBXFileReference; lastKnownFileType = sourcecode.swift; path = MockData.swift; sourceTree = "<group>"; };
		B0C64DF529B88B3D00C3BC07 /* CNBeverage.swift */ = {isa = PBXFileReference; lastKnownFileType = sourcecode.swift; path = CNBeverage.swift; sourceTree = "<group>"; };
		B0C64DF729B8A7CC00C3BC07 /* Medicine.swift */ = {isa = PBXFileReference; lastKnownFileType = sourcecode.swift; path = Medicine.swift; sourceTree = "<group>"; };
		B0C64DF929B9BF8500C3BC07 /* ProfileView.swift */ = {isa = PBXFileReference; lastKnownFileType = sourcecode.swift; path = ProfileView.swift; sourceTree = "<group>"; };
		B0C64DFB29B9C27300C3BC07 /* Constants.swift */ = {isa = PBXFileReference; lastKnownFileType = sourcecode.swift; path = Constants.swift; sourceTree = "<group>"; };
		B0C64DFF29B9C6B300C3BC07 /* CustomModifiers.swift */ = {isa = PBXFileReference; lastKnownFileType = sourcecode.swift; path = CustomModifiers.swift; sourceTree = "<group>"; };
		B0C64E0129B9C72E00C3BC07 /* ViewExt.swift */ = {isa = PBXFileReference; lastKnownFileType = sourcecode.swift; path = ViewExt.swift; sourceTree = "<group>"; };
		B0C64E0329BA0FC400C3BC07 /* SettingRow.swift */ = {isa = PBXFileReference; lastKnownFileType = sourcecode.swift; path = SettingRow.swift; sourceTree = "<group>"; };
		B0DDF64A2A56BA870097E5B6 /* CNCustomBeverageAddView.swift */ = {isa = PBXFileReference; lastKnownFileType = sourcecode.swift; path = CNCustomBeverageAddView.swift; sourceTree = "<group>"; };
		B0E7B91E2A6079DD00ADB0C7 /* EmptyCustomBeverageListView.swift */ = {isa = PBXFileReference; lastKnownFileType = sourcecode.swift; path = EmptyCustomBeverageListView.swift; sourceTree = "<group>"; };
		B0E7B9202A613FC600ADB0C7 /* BeverageDetailViewModel.swift */ = {isa = PBXFileReference; lastKnownFileType = sourcecode.swift; path = BeverageDetailViewModel.swift; sourceTree = "<group>"; };
		B0E7B9232A6147E700ADB0C7 /* CNBeverageManager.swift */ = {isa = PBXFileReference; lastKnownFileType = sourcecode.swift; path = CNBeverageManager.swift; sourceTree = "<group>"; };
		B0EF61892A0104E7009F272E /* AvatarView.swift */ = {isa = PBXFileReference; lastKnownFileType = sourcecode.swift; path = AvatarView.swift; sourceTree = "<group>"; };
		B0EF618C2A0119CB009F272E /* PhotoPicker.swift */ = {isa = PBXFileReference; lastKnownFileType = sourcecode.swift; path = PhotoPicker.swift; sourceTree = "<group>"; };
		B0EF618E2A0132AB009F272E /* AlertItem.swift */ = {isa = PBXFileReference; lastKnownFileType = sourcecode.swift; path = AlertItem.swift; sourceTree = "<group>"; };
		B0FDE8822A5EE9090061F620 /* CustomBeverageViewModel.swift */ = {isa = PBXFileReference; lastKnownFileType = sourcecode.swift; path = CustomBeverageViewModel.swift; sourceTree = "<group>"; };
		B0FDE8842A5EE9650061F620 /* CustomTextField.swift */ = {isa = PBXFileReference; lastKnownFileType = sourcecode.swift; path = CustomTextField.swift; sourceTree = "<group>"; };
/* End PBXFileReference section */

/* Begin PBXFrameworksBuildPhase section */
		B0C64DC229B5ED0700C3BC07 /* Frameworks */ = {
			isa = PBXFrameworksBuildPhase;
			buildActionMask = 2147483647;
			files = (
			);
			runOnlyForDeploymentPostprocessing = 0;
		};
/* End PBXFrameworksBuildPhase section */

/* Begin PBXGroup section */
		B04DB4E429BABC770076058B /* Settings */ = {
			isa = PBXGroup;
			children = (
				B0C64E0329BA0FC400C3BC07 /* SettingRow.swift */,
				B04DB4E529BABC7E0076058B /* Personalization */,
			);
			path = Settings;
			sourceTree = "<group>";
		};
		B04DB4E529BABC7E0076058B /* Personalization */ = {
			isa = PBXGroup;
			children = (
				B04DB4E829BB219F0076058B /* AppIconView.swift */,
				B04DB4E629BAFFA80076058B /* MetabolicParameterView.swift */,
				B04DB4EA29BB2BD20076058B /* NotificationsSettingView.swift */,
				B04CABEC29F02B1000238E68 /* UISettingView.swift */,
			);
			path = Personalization;
			sourceTree = "<group>";
		};
		B04DB50C29BB59470076058B /* CustomViews */ = {
			isa = PBXGroup;
			children = (
				B0EF618B2A0119B1009F272E /* UIKitComponents */,
				B0DDF64A2A56BA870097E5B6 /* CNCustomBeverageAddView.swift */,
				B04CABEE29F02ED900238E68 /* CNThemeToggle.swift */,
				B0FDE8842A5EE9650061F620 /* CustomTextField.swift */,
				B0E7B91E2A6079DD00ADB0C7 /* EmptyCustomBeverageListView.swift */,
				B050F3CD2A2CB10D0045B2F8 /* LoadingView.swift */,
				B04DB50D29BB59540076058B /* XDismissButton.swift */,
			);
			path = CustomViews;
			sourceTree = "<group>";
		};
		B04DB51229BC8FFF0076058B /* AddLogViews */ = {
			isa = PBXGroup;
			children = (
				B04DB4EE29BB4BAF0076058B /* AddLogBeverageListView.swift */,
				B04DB4F029BB4E980076058B /* AddLogBeverageDetailView.swift */,
			);
			path = AddLogViews;
			sourceTree = "<group>";
		};
		B07047E92A2C6E5F0035CFE3 /* Utilities */ = {
			isa = PBXGroup;
			children = (
				B0C64DE029B5FECF00C3BC07 /* Extensions */,
				B0E7B9222A6147D200ADB0C7 /* Managers */,
				B0EF618E2A0132AB009F272E /* AlertItem.swift */,
				B0C64DFB29B9C27300C3BC07 /* Constants.swift */,
				B04572602A389E05004E2C99 /* Utilities.swift */,
			);
			path = Utilities;
			sourceTree = "<group>";
		};
		B0C64DBC29B5ED0700C3BC07 = {
			isa = PBXGroup;
			children = (
				B0C64DD729B5ED5200C3BC07 /* .gitignore */,
				B0C64DD929B5ED5E00C3BC07 /* README.md */,
				B0C64DC729B5ED0700C3BC07 /* CaffeineNap */,
				B0C64DC629B5ED0700C3BC07 /* Products */,
			);
			sourceTree = "<group>";
		};
		B0C64DC629B5ED0700C3BC07 /* Products */ = {
			isa = PBXGroup;
			children = (
				B0C64DC529B5ED0700C3BC07 /* CaffeineNap.app */,
			);
			name = Products;
			sourceTree = "<group>";
		};
		B0C64DC729B5ED0700C3BC07 /* CaffeineNap */ = {
			isa = PBXGroup;
			children = (
				B0C64DD629B5ED1000C3BC07 /* CaffeineNap.entitlements */,
				B0C64DC829B5ED0700C3BC07 /* CaffeineNapApp.swift */,
				B0C64DFF29B9C6B300C3BC07 /* CustomModifiers.swift */,
				B07047E92A2C6E5F0035CFE3 /* Utilities */,
				B0C64DDD29B5F7D900C3BC07 /* Models */,
				B0C64DDC29B5F7D400C3BC07 /* ViewModels */,
				B0C64DDB29B5F7CF00C3BC07 /* Views */,
				B0C64DCC29B5ED0800C3BC07 /* Assets.xcassets */,
				B0C64DCE29B5ED0800C3BC07 /* Preview Content */,
			);
			path = CaffeineNap;
			sourceTree = "<group>";
		};
		B0C64DCE29B5ED0800C3BC07 /* Preview Content */ = {
			isa = PBXGroup;
			children = (
				B0C64DCF29B5ED0800C3BC07 /* Preview Assets.xcassets */,
			);
			path = "Preview Content";
			sourceTree = "<group>";
		};
		B0C64DDB29B5F7CF00C3BC07 /* Views */ = {
			isa = PBXGroup;
			children = (
				B0C64DDE29B5F87900C3BC07 /* CNTabView.swift */,
				B04DB51229BC8FFF0076058B /* AddLogViews */,
				B04DB50C29BB59470076058B /* CustomViews */,
				B0C64DFD29B9C67E00C3BC07 /* ProfileView */,
				B0C64DE529B6EF7000C3BC07 /* HomeView */,
				B0C64DF029B71D2800C3BC07 /* BeveragesView */,
			);
			path = Views;
			sourceTree = "<group>";
		};
		B0C64DDC29B5F7D400C3BC07 /* ViewModels */ = {
			isa = PBXGroup;
			children = (
				B06D4B9D2A685BE900980FCA /* AddLogBeverageViewModel.swift */,
				B045725A2A35A685004E2C99 /* BeverageListViewModel.swift */,
				B0E7B9202A613FC600ADB0C7 /* BeverageDetailViewModel.swift */,
				B0FDE8822A5EE9090061F620 /* CustomBeverageViewModel.swift */,
				B07047E52A2C64F80035CFE3 /* CNProfileViewModel.swift */,
			);
			path = ViewModels;
			sourceTree = "<group>";
		};
		B0C64DDD29B5F7D900C3BC07 /* Models */ = {
			isa = PBXGroup;
			children = (
				B0C64DF529B88B3D00C3BC07 /* CNBeverage.swift */,
				B06D4B9F2A685D5B00980FCA /* CNLog.swift */,
				B04CABF029F3E90800238E68 /* CNProfile.swift */,
				B04DB4EC29BB2D610076058B /* DayNotification.swift */,
				B0C64DF729B8A7CC00C3BC07 /* Medicine.swift */,
				B0C64DF329B8803000C3BC07 /* MockData.swift */,
			);
			path = Models;
			sourceTree = "<group>";
		};
		B0C64DE029B5FECF00C3BC07 /* Extensions */ = {
			isa = PBXGroup;
			children = (
				B0C64DE129B5FED900C3BC07 /* ColorExt.swift */,
				B050F3C92A2C9DA50045B2F8 /* CKAssetExt.swift */,
				B045725C2A3879C7004E2C99 /* CKRecordExt.swift */,
				B0C64E0129B9C72E00C3BC07 /* ViewExt.swift */,
				B07047E72A2C69330035CFE3 /* UIImageExt.swift */,
			);
			path = Extensions;
			sourceTree = "<group>";
		};
		B0C64DE529B6EF7000C3BC07 /* HomeView */ = {
			isa = PBXGroup;
			children = (
				B0C64DE329B603EE00C3BC07 /* CNHomeView.swift */,
				B0C64DE629B6EF8C00C3BC07 /* MainInfo.swift */,
				B0C64DE829B6F1CB00C3BC07 /* CaffeineLevelInfo.swift */,
				B0C64DEA29B6FDAD00C3BC07 /* HeartRateInfo.swift */,
				B0C64DEC29B6FE4A00C3BC07 /* BloodOxygenInfo.swift */,
				B0C64DEE29B717C700C3BC07 /* DrinksOfTheDayInfo.swift */,
			);
			path = HomeView;
			sourceTree = "<group>";
		};
		B0C64DF029B71D2800C3BC07 /* BeveragesView */ = {
			isa = PBXGroup;
			children = (
				B0C64DF129B71D5C00C3BC07 /* CNBeveragesListView.swift */,
				B045725E2A388508004E2C99 /* CNBeverageDetailView.swift */,
			);
			path = BeveragesView;
			sourceTree = "<group>";
		};
		B0C64DFD29B9C67E00C3BC07 /* ProfileView */ = {
			isa = PBXGroup;
			children = (
				B0C64DF929B9BF8500C3BC07 /* ProfileView.swift */,
				B0EF61892A0104E7009F272E /* AvatarView.swift */,
				B04DB4E429BABC770076058B /* Settings */,
			);
			path = ProfileView;
			sourceTree = "<group>";
		};
		B0E7B9222A6147D200ADB0C7 /* Managers */ = {
			isa = PBXGroup;
			children = (
				B050F3CB2A2CA9CB0045B2F8 /* CloudKitManager.swift */,
				B0E7B9232A6147E700ADB0C7 /* CNBeverageManager.swift */,
			);
			path = Managers;
			sourceTree = "<group>";
		};
		B0EF618B2A0119B1009F272E /* UIKitComponents */ = {
			isa = PBXGroup;
			children = (
				B0EF618C2A0119CB009F272E /* PhotoPicker.swift */,
			);
			path = UIKitComponents;
			sourceTree = "<group>";
		};
/* End PBXGroup section */

/* Begin PBXNativeTarget section */
		B0C64DC429B5ED0700C3BC07 /* CaffeineNap */ = {
			isa = PBXNativeTarget;
			buildConfigurationList = B0C64DD329B5ED0800C3BC07 /* Build configuration list for PBXNativeTarget "CaffeineNap" */;
			buildPhases = (
				B0C64DC129B5ED0700C3BC07 /* Sources */,
				B0C64DC229B5ED0700C3BC07 /* Frameworks */,
				B0C64DC329B5ED0700C3BC07 /* Resources */,
			);
			buildRules = (
			);
			dependencies = (
			);
			name = CaffeineNap;
			packageProductDependencies = (
			);
			productName = CaffeineNap;
			productReference = B0C64DC529B5ED0700C3BC07 /* CaffeineNap.app */;
			productType = "com.apple.product-type.application";
		};
/* End PBXNativeTarget section */

/* Begin PBXProject section */
		B0C64DBD29B5ED0700C3BC07 /* Project object */ = {
			isa = PBXProject;
			attributes = {
				BuildIndependentTargetsInParallel = 1;
				LastSwiftUpdateCheck = 1420;
				LastUpgradeCheck = 1420;
				TargetAttributes = {
					B0C64DC429B5ED0700C3BC07 = {
						CreatedOnToolsVersion = 14.2;
					};
				};
			};
			buildConfigurationList = B0C64DC029B5ED0700C3BC07 /* Build configuration list for PBXProject "CaffeineNap" */;
			compatibilityVersion = "Xcode 14.0";
			developmentRegion = en;
			hasScannedForEncodings = 0;
			knownRegions = (
				en,
				Base,
			);
			mainGroup = B0C64DBC29B5ED0700C3BC07;
			packageReferences = (
			);
			productRefGroup = B0C64DC629B5ED0700C3BC07 /* Products */;
			projectDirPath = "";
			projectRoot = "";
			targets = (
				B0C64DC429B5ED0700C3BC07 /* CaffeineNap */,
			);
		};
/* End PBXProject section */

/* Begin PBXResourcesBuildPhase section */
		B0C64DC329B5ED0700C3BC07 /* Resources */ = {
			isa = PBXResourcesBuildPhase;
			buildActionMask = 2147483647;
			files = (
				B0C64DD829B5ED5200C3BC07 /* .gitignore in Resources */,
				B0C64DDA29B5ED5E00C3BC07 /* README.md in Resources */,
				B0C64DCD29B5ED0800C3BC07 /* Assets.xcassets in Resources */,
			);
			runOnlyForDeploymentPostprocessing = 0;
		};
/* End PBXResourcesBuildPhase section */

/* Begin PBXSourcesBuildPhase section */
		B0C64DC129B5ED0700C3BC07 /* Sources */ = {
			isa = PBXSourcesBuildPhase;
			buildActionMask = 2147483647;
			files = (
				B0C64DE729B6EF8C00C3BC07 /* MainInfo.swift in Sources */,
				B06D4B9E2A685BE900980FCA /* AddLogBeverageViewModel.swift in Sources */,
				B0DDF64B2A56BA870097E5B6 /* CNCustomBeverageAddView.swift in Sources */,
				B07047E62A2C64F80035CFE3 /* CNProfileViewModel.swift in Sources */,
				B0C64DF829B8A7CC00C3BC07 /* Medicine.swift in Sources */,
				B0C64E0229B9C72E00C3BC07 /* ViewExt.swift in Sources */,
				B050F3CC2A2CA9CB0045B2F8 /* CloudKitManager.swift in Sources */,
				B0C64DEF29B717C700C3BC07 /* DrinksOfTheDayInfo.swift in Sources */,
				B04CABF129F3E90800238E68 /* CNProfile.swift in Sources */,
				B0EF618F2A0132AB009F272E /* AlertItem.swift in Sources */,
				B0C64DF229B71D5C00C3BC07 /* CNBeveragesListView.swift in Sources */,
				B04CABEF29F02ED900238E68 /* CNThemeToggle.swift in Sources */,
				B04DB4E929BB219F0076058B /* AppIconView.swift in Sources */,
				B0EF618D2A0119CB009F272E /* PhotoPicker.swift in Sources */,
				B0C64DE429B603EE00C3BC07 /* CNHomeView.swift in Sources */,
				B04DB4ED29BB2D610076058B /* DayNotification.swift in Sources */,
				B0C64DFC29B9C27300C3BC07 /* Constants.swift in Sources */,
				B0FDE8852A5EE9650061F620 /* CustomTextField.swift in Sources */,
				B0C64DE229B5FED900C3BC07 /* ColorExt.swift in Sources */,
				B0C64DEB29B6FDAD00C3BC07 /* HeartRateInfo.swift in Sources */,
				B050F3CE2A2CB10D0045B2F8 /* LoadingView.swift in Sources */,
				B0C64DF629B88B3D00C3BC07 /* CNBeverage.swift in Sources */,
				B04DB4E729BAFFA80076058B /* MetabolicParameterView.swift in Sources */,
				B0FDE8832A5EE9090061F620 /* CustomBeverageViewModel.swift in Sources */,
				B045725D2A3879C7004E2C99 /* CKRecordExt.swift in Sources */,
				B045725F2A388508004E2C99 /* CNBeverageDetailView.swift in Sources */,
				B04DB4EF29BB4BAF0076058B /* AddLogBeverageListView.swift in Sources */,
				B04DB50E29BB59540076058B /* XDismissButton.swift in Sources */,
				B0E7B9242A6147E700ADB0C7 /* CNBeverageManager.swift in Sources */,
				B04DB4F129BB4E980076058B /* AddLogBeverageDetailView.swift in Sources */,
				B0C64DE929B6F1CB00C3BC07 /* CaffeineLevelInfo.swift in Sources */,
				B045725B2A35A685004E2C99 /* BeverageListViewModel.swift in Sources */,
				B0E7B9212A613FC600ADB0C7 /* BeverageDetailViewModel.swift in Sources */,
				B07047E82A2C69330035CFE3 /* UIImageExt.swift in Sources */,
				B0C64DC929B5ED0700C3BC07 /* CaffeineNapApp.swift in Sources */,
				B050F3CA2A2C9DA50045B2F8 /* CKAssetExt.swift in Sources */,
				B0C64DED29B6FE4A00C3BC07 /* BloodOxygenInfo.swift in Sources */,
				B0E7B91F2A6079DD00ADB0C7 /* EmptyCustomBeverageListView.swift in Sources */,
				B0C64DF429B8803000C3BC07 /* MockData.swift in Sources */,
				B0C64E0029B9C6B300C3BC07 /* CustomModifiers.swift in Sources */,
				B0C64DFA29B9BF8500C3BC07 /* ProfileView.swift in Sources */,
				B06D4BA02A685D5B00980FCA /* CNLog.swift in Sources */,
				B0C64DDF29B5F87900C3BC07 /* CNTabView.swift in Sources */,
				B04CABED29F02B1000238E68 /* UISettingView.swift in Sources */,
				B0C64E0429BA0FC400C3BC07 /* SettingRow.swift in Sources */,
				B04DB4EB29BB2BD20076058B /* NotificationsSettingView.swift in Sources */,
				B04572612A389E05004E2C99 /* Utilities.swift in Sources */,
				B0EF618A2A0104E7009F272E /* AvatarView.swift in Sources */,
			);
			runOnlyForDeploymentPostprocessing = 0;
		};
/* End PBXSourcesBuildPhase section */

/* Begin XCBuildConfiguration section */
		B0C64DD129B5ED0800C3BC07 /* Debug */ = {
			isa = XCBuildConfiguration;
			buildSettings = {
				ALWAYS_SEARCH_USER_PATHS = NO;
				CLANG_ANALYZER_NONNULL = YES;
				CLANG_ANALYZER_NUMBER_OBJECT_CONVERSION = YES_AGGRESSIVE;
				CLANG_CXX_LANGUAGE_STANDARD = "gnu++20";
				CLANG_ENABLE_MODULES = YES;
				CLANG_ENABLE_OBJC_ARC = YES;
				CLANG_ENABLE_OBJC_WEAK = YES;
				CLANG_WARN_BLOCK_CAPTURE_AUTORELEASING = YES;
				CLANG_WARN_BOOL_CONVERSION = YES;
				CLANG_WARN_COMMA = YES;
				CLANG_WARN_CONSTANT_CONVERSION = YES;
				CLANG_WARN_DEPRECATED_OBJC_IMPLEMENTATIONS = YES;
				CLANG_WARN_DIRECT_OBJC_ISA_USAGE = YES_ERROR;
				CLANG_WARN_DOCUMENTATION_COMMENTS = YES;
				CLANG_WARN_EMPTY_BODY = YES;
				CLANG_WARN_ENUM_CONVERSION = YES;
				CLANG_WARN_INFINITE_RECURSION = YES;
				CLANG_WARN_INT_CONVERSION = YES;
				CLANG_WARN_NON_LITERAL_NULL_CONVERSION = YES;
				CLANG_WARN_OBJC_IMPLICIT_RETAIN_SELF = YES;
				CLANG_WARN_OBJC_LITERAL_CONVERSION = YES;
				CLANG_WARN_OBJC_ROOT_CLASS = YES_ERROR;
				CLANG_WARN_QUOTED_INCLUDE_IN_FRAMEWORK_HEADER = YES;
				CLANG_WARN_RANGE_LOOP_ANALYSIS = YES;
				CLANG_WARN_STRICT_PROTOTYPES = YES;
				CLANG_WARN_SUSPICIOUS_MOVE = YES;
				CLANG_WARN_UNGUARDED_AVAILABILITY = YES_AGGRESSIVE;
				CLANG_WARN_UNREACHABLE_CODE = YES;
				CLANG_WARN__DUPLICATE_METHOD_MATCH = YES;
				COPY_PHASE_STRIP = NO;
				DEBUG_INFORMATION_FORMAT = dwarf;
				ENABLE_STRICT_OBJC_MSGSEND = YES;
				ENABLE_TESTABILITY = YES;
				GCC_C_LANGUAGE_STANDARD = gnu11;
				GCC_DYNAMIC_NO_PIC = NO;
				GCC_NO_COMMON_BLOCKS = YES;
				GCC_OPTIMIZATION_LEVEL = 0;
				GCC_PREPROCESSOR_DEFINITIONS = (
					"DEBUG=1",
					"$(inherited)",
				);
				GCC_WARN_64_TO_32_BIT_CONVERSION = YES;
				GCC_WARN_ABOUT_RETURN_TYPE = YES_ERROR;
				GCC_WARN_UNDECLARED_SELECTOR = YES;
				GCC_WARN_UNINITIALIZED_AUTOS = YES_AGGRESSIVE;
				GCC_WARN_UNUSED_FUNCTION = YES;
				GCC_WARN_UNUSED_VARIABLE = YES;
				IPHONEOS_DEPLOYMENT_TARGET = 16.2;
				MTL_ENABLE_DEBUG_INFO = INCLUDE_SOURCE;
				MTL_FAST_MATH = YES;
				ONLY_ACTIVE_ARCH = YES;
				SDKROOT = iphoneos;
				SWIFT_ACTIVE_COMPILATION_CONDITIONS = DEBUG;
				SWIFT_OPTIMIZATION_LEVEL = "-Onone";
			};
			name = Debug;
		};
		B0C64DD229B5ED0800C3BC07 /* Release */ = {
			isa = XCBuildConfiguration;
			buildSettings = {
				ALWAYS_SEARCH_USER_PATHS = NO;
				CLANG_ANALYZER_NONNULL = YES;
				CLANG_ANALYZER_NUMBER_OBJECT_CONVERSION = YES_AGGRESSIVE;
				CLANG_CXX_LANGUAGE_STANDARD = "gnu++20";
				CLANG_ENABLE_MODULES = YES;
				CLANG_ENABLE_OBJC_ARC = YES;
				CLANG_ENABLE_OBJC_WEAK = YES;
				CLANG_WARN_BLOCK_CAPTURE_AUTORELEASING = YES;
				CLANG_WARN_BOOL_CONVERSION = YES;
				CLANG_WARN_COMMA = YES;
				CLANG_WARN_CONSTANT_CONVERSION = YES;
				CLANG_WARN_DEPRECATED_OBJC_IMPLEMENTATIONS = YES;
				CLANG_WARN_DIRECT_OBJC_ISA_USAGE = YES_ERROR;
				CLANG_WARN_DOCUMENTATION_COMMENTS = YES;
				CLANG_WARN_EMPTY_BODY = YES;
				CLANG_WARN_ENUM_CONVERSION = YES;
				CLANG_WARN_INFINITE_RECURSION = YES;
				CLANG_WARN_INT_CONVERSION = YES;
				CLANG_WARN_NON_LITERAL_NULL_CONVERSION = YES;
				CLANG_WARN_OBJC_IMPLICIT_RETAIN_SELF = YES;
				CLANG_WARN_OBJC_LITERAL_CONVERSION = YES;
				CLANG_WARN_OBJC_ROOT_CLASS = YES_ERROR;
				CLANG_WARN_QUOTED_INCLUDE_IN_FRAMEWORK_HEADER = YES;
				CLANG_WARN_RANGE_LOOP_ANALYSIS = YES;
				CLANG_WARN_STRICT_PROTOTYPES = YES;
				CLANG_WARN_SUSPICIOUS_MOVE = YES;
				CLANG_WARN_UNGUARDED_AVAILABILITY = YES_AGGRESSIVE;
				CLANG_WARN_UNREACHABLE_CODE = YES;
				CLANG_WARN__DUPLICATE_METHOD_MATCH = YES;
				COPY_PHASE_STRIP = NO;
				DEBUG_INFORMATION_FORMAT = "dwarf-with-dsym";
				ENABLE_NS_ASSERTIONS = NO;
				ENABLE_STRICT_OBJC_MSGSEND = YES;
				GCC_C_LANGUAGE_STANDARD = gnu11;
				GCC_NO_COMMON_BLOCKS = YES;
				GCC_WARN_64_TO_32_BIT_CONVERSION = YES;
				GCC_WARN_ABOUT_RETURN_TYPE = YES_ERROR;
				GCC_WARN_UNDECLARED_SELECTOR = YES;
				GCC_WARN_UNINITIALIZED_AUTOS = YES_AGGRESSIVE;
				GCC_WARN_UNUSED_FUNCTION = YES;
				GCC_WARN_UNUSED_VARIABLE = YES;
				IPHONEOS_DEPLOYMENT_TARGET = 16.2;
				MTL_ENABLE_DEBUG_INFO = NO;
				MTL_FAST_MATH = YES;
				SDKROOT = iphoneos;
				SWIFT_COMPILATION_MODE = wholemodule;
				SWIFT_OPTIMIZATION_LEVEL = "-O";
				VALIDATE_PRODUCT = YES;
			};
			name = Release;
		};
		B0C64DD429B5ED0800C3BC07 /* Debug */ = {
			isa = XCBuildConfiguration;
			buildSettings = {
				ASSETCATALOG_COMPILER_APPICON_NAME = AppIcon;
				ASSETCATALOG_COMPILER_GLOBAL_ACCENT_COLOR_NAME = AccentColor;
				CODE_SIGN_ENTITLEMENTS = CaffeineNap/CaffeineNap.entitlements;
				CODE_SIGN_STYLE = Automatic;
				CURRENT_PROJECT_VERSION = 1;
				DEVELOPMENT_ASSET_PATHS = "\"CaffeineNap/Preview Content\"";
				DEVELOPMENT_TEAM = YQD5MQWX93;
				ENABLE_PREVIEWS = YES;
				GENERATE_INFOPLIST_FILE = YES;
				INFOPLIST_KEY_UIApplicationSceneManifest_Generation = YES;
				INFOPLIST_KEY_UIApplicationSupportsIndirectInputEvents = YES;
				INFOPLIST_KEY_UILaunchScreen_Generation = YES;
				INFOPLIST_KEY_UISupportedInterfaceOrientations_iPad = "UIInterfaceOrientationPortrait UIInterfaceOrientationPortraitUpsideDown UIInterfaceOrientationLandscapeLeft UIInterfaceOrientationLandscapeRight";
				INFOPLIST_KEY_UISupportedInterfaceOrientations_iPhone = "UIInterfaceOrientationPortrait UIInterfaceOrientationLandscapeLeft UIInterfaceOrientationLandscapeRight";
				LD_RUNPATH_SEARCH_PATHS = (
					"$(inherited)",
					"@executable_path/Frameworks",
				);
				MARKETING_VERSION = 1.0;
				PRODUCT_BUNDLE_IDENTIFIER = com.KwikBianDhoan.CaffeineNap;
				PRODUCT_NAME = "$(TARGET_NAME)";
				SWIFT_EMIT_LOC_STRINGS = YES;
				SWIFT_VERSION = 5.0;
				TARGETED_DEVICE_FAMILY = "1,2";
			};
			name = Debug;
		};
		B0C64DD529B5ED0800C3BC07 /* Release */ = {
			isa = XCBuildConfiguration;
			buildSettings = {
				ASSETCATALOG_COMPILER_APPICON_NAME = AppIcon;
				ASSETCATALOG_COMPILER_GLOBAL_ACCENT_COLOR_NAME = AccentColor;
				CODE_SIGN_ENTITLEMENTS = CaffeineNap/CaffeineNap.entitlements;
				CODE_SIGN_STYLE = Automatic;
				CURRENT_PROJECT_VERSION = 1;
				DEVELOPMENT_ASSET_PATHS = "\"CaffeineNap/Preview Content\"";
				DEVELOPMENT_TEAM = YQD5MQWX93;
				ENABLE_PREVIEWS = YES;
				GENERATE_INFOPLIST_FILE = YES;
				INFOPLIST_KEY_UIApplicationSceneManifest_Generation = YES;
				INFOPLIST_KEY_UIApplicationSupportsIndirectInputEvents = YES;
				INFOPLIST_KEY_UILaunchScreen_Generation = YES;
				INFOPLIST_KEY_UISupportedInterfaceOrientations_iPad = "UIInterfaceOrientationPortrait UIInterfaceOrientationPortraitUpsideDown UIInterfaceOrientationLandscapeLeft UIInterfaceOrientationLandscapeRight";
				INFOPLIST_KEY_UISupportedInterfaceOrientations_iPhone = "UIInterfaceOrientationPortrait UIInterfaceOrientationLandscapeLeft UIInterfaceOrientationLandscapeRight";
				LD_RUNPATH_SEARCH_PATHS = (
					"$(inherited)",
					"@executable_path/Frameworks",
				);
				MARKETING_VERSION = 1.0;
				PRODUCT_BUNDLE_IDENTIFIER = com.KwikBianDhoan.CaffeineNap;
				PRODUCT_NAME = "$(TARGET_NAME)";
				SWIFT_EMIT_LOC_STRINGS = YES;
				SWIFT_VERSION = 5.0;
				TARGETED_DEVICE_FAMILY = "1,2";
			};
			name = Release;
		};
/* End XCBuildConfiguration section */

/* Begin XCConfigurationList section */
		B0C64DC029B5ED0700C3BC07 /* Build configuration list for PBXProject "CaffeineNap" */ = {
			isa = XCConfigurationList;
			buildConfigurations = (
				B0C64DD129B5ED0800C3BC07 /* Debug */,
				B0C64DD229B5ED0800C3BC07 /* Release */,
			);
			defaultConfigurationIsVisible = 0;
			defaultConfigurationName = Release;
		};
		B0C64DD329B5ED0800C3BC07 /* Build configuration list for PBXNativeTarget "CaffeineNap" */ = {
			isa = XCConfigurationList;
			buildConfigurations = (
				B0C64DD429B5ED0800C3BC07 /* Debug */,
				B0C64DD529B5ED0800C3BC07 /* Release */,
			);
			defaultConfigurationIsVisible = 0;
			defaultConfigurationName = Release;
		};
/* End XCConfigurationList section */
	};
	rootObject = B0C64DBD29B5ED0700C3BC07 /* Project object */;
}
