// !$*UTF8*$!
{
	archiveVersion = 1;
	classes = {
	};
	objectVersion = 56;
	objects = {

/* Begin PBXBuildFile section */
		B0C64DC929B5ED0700C3BC07 /* CaffeineNapApp.swift in Sources */ = {isa = PBXBuildFile; fileRef = B0C64DC829B5ED0700C3BC07 /* CaffeineNapApp.swift */; };
		B0C64DCB29B5ED0700C3BC07 /* ContentView.swift in Sources */ = {isa = PBXBuildFile; fileRef = B0C64DCA29B5ED0700C3BC07 /* ContentView.swift */; };
		B0C64DCD29B5ED0800C3BC07 /* Assets.xcassets in Resources */ = {isa = PBXBuildFile; fileRef = B0C64DCC29B5ED0800C3BC07 /* Assets.xcassets */; };
		B0C64DD029B5ED0800C3BC07 /* Preview Assets.xcassets in Resources */ = {isa = PBXBuildFile; fileRef = B0C64DCF29B5ED0800C3BC07 /* Preview Assets.xcassets */; };
		B0C64DD829B5ED5200C3BC07 /* .gitignore in Resources */ = {isa = PBXBuildFile; fileRef = B0C64DD729B5ED5200C3BC07 /* .gitignore */; };
		B0C64DDA29B5ED5E00C3BC07 /* README.md in Resources */ = {isa = PBXBuildFile; fileRef = B0C64DD929B5ED5E00C3BC07 /* README.md */; };
/* End PBXBuildFile section */

/* Begin PBXFileReference section */
		B0C64DC529B5ED0700C3BC07 /* CaffeineNap.app */ = {isa = PBXFileReference; explicitFileType = wrapper.application; includeInIndex = 0; path = CaffeineNap.app; sourceTree = BUILT_PRODUCTS_DIR; };
		B0C64DC829B5ED0700C3BC07 /* CaffeineNapApp.swift */ = {isa = PBXFileReference; lastKnownFileType = sourcecode.swift; path = CaffeineNapApp.swift; sourceTree = "<group>"; };
		B0C64DCA29B5ED0700C3BC07 /* ContentView.swift */ = {isa = PBXFileReference; lastKnownFileType = sourcecode.swift; path = ContentView.swift; sourceTree = "<group>"; };
		B0C64DCC29B5ED0800C3BC07 /* Assets.xcassets */ = {isa = PBXFileReference; lastKnownFileType = folder.assetcatalog; path = Assets.xcassets; sourceTree = "<group>"; };
		B0C64DCF29B5ED0800C3BC07 /* Preview Assets.xcassets */ = {isa = PBXFileReference; lastKnownFileType = folder.assetcatalog; path = "Preview Assets.xcassets"; sourceTree = "<group>"; };
		B0C64DD629B5ED1000C3BC07 /* CaffeineNap.entitlements */ = {isa = PBXFileReference; lastKnownFileType = text.plist.entitlements; path = CaffeineNap.entitlements; sourceTree = "<group>"; };
		B0C64DD729B5ED5200C3BC07 /* .gitignore */ = {isa = PBXFileReference; lastKnownFileType = text; path = .gitignore; sourceTree = "<group>"; };
		B0C64DD929B5ED5E00C3BC07 /* README.md */ = {isa = PBXFileReference; lastKnownFileType = net.daringfireball.markdown; path = README.md; sourceTree = "<group>"; };
/* End PBXFileReference section */

/* Begin PBXFrameworksBuildPhase section */
		B0C64DC229B5ED0700C3BC07 /* Frameworks */ = {
			isa = PBXFrameworksBuildPhase;
			buildActionMask = 2147483647;
			files = (
			);
			runOnlyForDeploymentPostprocessing = 0;
		};
/* End PBXFrameworksBuildPhase section */

/* Begin PBXGroup section */
		B0C64DBC29B5ED0700C3BC07 = {
			isa = PBXGroup;
			children = (
				B0C64DD729B5ED5200C3BC07 /* .gitignore */,
				B0C64DD929B5ED5E00C3BC07 /* README.md */,
				B0C64DC729B5ED0700C3BC07 /* CaffeineNap */,
				B0C64DC629B5ED0700C3BC07 /* Products */,
			);
			sourceTree = "<group>";
		};
		B0C64DC629B5ED0700C3BC07 /* Products */ = {
			isa = PBXGroup;
			children = (
				B0C64DC529B5ED0700C3BC07 /* CaffeineNap.app */,
			);
			name = Products;
			sourceTree = "<group>";
		};
		B0C64DC729B5ED0700C3BC07 /* CaffeineNap */ = {
			isa = PBXGroup;
			children = (
				B0C64DD629B5ED1000C3BC07 /* CaffeineNap.entitlements */,
				B0C64DC829B5ED0700C3BC07 /* CaffeineNapApp.swift */,
				B0C64DCA29B5ED0700C3BC07 /* ContentView.swift */,
				B0C64DCC29B5ED0800C3BC07 /* Assets.xcassets */,
				B0C64DCE29B5ED0800C3BC07 /* Preview Content */,
			);
			path = CaffeineNap;
			sourceTree = "<group>";
		};
		B0C64DCE29B5ED0800C3BC07 /* Preview Content */ = {
			isa = PBXGroup;
			children = (
				B0C64DCF29B5ED0800C3BC07 /* Preview Assets.xcassets */,
			);
			path = "Preview Content";
			sourceTree = "<group>";
		};
/* End PBXGroup section */

/* Begin PBXNativeTarget section */
		B0C64DC429B5ED0700C3BC07 /* CaffeineNap */ = {
			isa = PBXNativeTarget;
			buildConfigurationList = B0C64DD329B5ED0800C3BC07 /* Build configuration list for PBXNativeTarget "CaffeineNap" */;
			buildPhases = (
				B0C64DC129B5ED0700C3BC07 /* Sources */,
				B0C64DC229B5ED0700C3BC07 /* Frameworks */,
				B0C64DC329B5ED0700C3BC07 /* Resources */,
			);
			buildRules = (
			);
			dependencies = (
			);
			name = CaffeineNap;
			productName = CaffeineNap;
			productReference = B0C64DC529B5ED0700C3BC07 /* CaffeineNap.app */;
			productType = "com.apple.product-type.application";
		};
/* End PBXNativeTarget section */

/* Begin PBXProject section */
		B0C64DBD29B5ED0700C3BC07 /* Project object */ = {
			isa = PBXProject;
			attributes = {
				BuildIndependentTargetsInParallel = 1;
				LastSwiftUpdateCheck = 1420;
				LastUpgradeCheck = 1420;
				TargetAttributes = {
					B0C64DC429B5ED0700C3BC07 = {
						CreatedOnToolsVersion = 14.2;
					};
				};
			};
			buildConfigurationList = B0C64DC029B5ED0700C3BC07 /* Build configuration list for PBXProject "CaffeineNap" */;
			compatibilityVersion = "Xcode 14.0";
			developmentRegion = en;
			hasScannedForEncodings = 0;
			knownRegions = (
				en,
				Base,
			);
			mainGroup = B0C64DBC29B5ED0700C3BC07;
			productRefGroup = B0C64DC629B5ED0700C3BC07 /* Products */;
			projectDirPath = "";
			projectRoot = "";
			targets = (
				B0C64DC429B5ED0700C3BC07 /* CaffeineNap */,
			);
		};
/* End PBXProject section */

/* Begin PBXResourcesBuildPhase section */
		B0C64DC329B5ED0700C3BC07 /* Resources */ = {
			isa = PBXResourcesBuildPhase;
			buildActionMask = 2147483647;
			files = (
				B0C64DD029B5ED0800C3BC07 /* Preview Assets.xcassets in Resources */,
				B0C64DD829B5ED5200C3BC07 /* .gitignore in Resources */,
				B0C64DDA29B5ED5E00C3BC07 /* README.md in Resources */,
				B0C64DCD29B5ED0800C3BC07 /* Assets.xcassets in Resources */,
			);
			runOnlyForDeploymentPostprocessing = 0;
		};
/* End PBXResourcesBuildPhase section */

/* Begin PBXSourcesBuildPhase section */
		B0C64DC129B5ED0700C3BC07 /* Sources */ = {
			isa = PBXSourcesBuildPhase;
			buildActionMask = 2147483647;
			files = (
				B0C64DCB29B5ED0700C3BC07 /* ContentView.swift in Sources */,
				B0C64DC929B5ED0700C3BC07 /* CaffeineNapApp.swift in Sources */,
			);
			runOnlyForDeploymentPostprocessing = 0;
		};
/* End PBXSourcesBuildPhase section */

/* Begin XCBuildConfiguration section */
		B0C64DD129B5ED0800C3BC07 /* Debug */ = {
			isa = XCBuildConfiguration;
			buildSettings = {
				ALWAYS_SEARCH_USER_PATHS = NO;
				CLANG_ANALYZER_NONNULL = YES;
				CLANG_ANALYZER_NUMBER_OBJECT_CONVERSION = YES_AGGRESSIVE;
				CLANG_CXX_LANGUAGE_STANDARD = "gnu++20";
				CLANG_ENABLE_MODULES = YES;
				CLANG_ENABLE_OBJC_ARC = YES;
				CLANG_ENABLE_OBJC_WEAK = YES;
				CLANG_WARN_BLOCK_CAPTURE_AUTORELEASING = YES;
				CLANG_WARN_BOOL_CONVERSION = YES;
				CLANG_WARN_COMMA = YES;
				CLANG_WARN_CONSTANT_CONVERSION = YES;
				CLANG_WARN_DEPRECATED_OBJC_IMPLEMENTATIONS = YES;
				CLANG_WARN_DIRECT_OBJC_ISA_USAGE = YES_ERROR;
				CLANG_WARN_DOCUMENTATION_COMMENTS = YES;
				CLANG_WARN_EMPTY_BODY = YES;
				CLANG_WARN_ENUM_CONVERSION = YES;
				CLANG_WARN_INFINITE_RECURSION = YES;
				CLANG_WARN_INT_CONVERSION = YES;
				CLANG_WARN_NON_LITERAL_NULL_CONVERSION = YES;
				CLANG_WARN_OBJC_IMPLICIT_RETAIN_SELF = YES;
				CLANG_WARN_OBJC_LITERAL_CONVERSION = YES;
				CLANG_WARN_OBJC_ROOT_CLASS = YES_ERROR;
				CLANG_WARN_QUOTED_INCLUDE_IN_FRAMEWORK_HEADER = YES;
				CLANG_WARN_RANGE_LOOP_ANALYSIS = YES;
				CLANG_WARN_STRICT_PROTOTYPES = YES;
				CLANG_WARN_SUSPICIOUS_MOVE = YES;
				CLANG_WARN_UNGUARDED_AVAILABILITY = YES_AGGRESSIVE;
				CLANG_WARN_UNREACHABLE_CODE = YES;
				CLANG_WARN__DUPLICATE_METHOD_MATCH = YES;
				COPY_PHASE_STRIP = NO;
				DEBUG_INFORMATION_FORMAT = dwarf;
				ENABLE_STRICT_OBJC_MSGSEND = YES;
				ENABLE_TESTABILITY = YES;
				GCC_C_LANGUAGE_STANDARD = gnu11;
				GCC_DYNAMIC_NO_PIC = NO;
				GCC_NO_COMMON_BLOCKS = YES;
				GCC_OPTIMIZATION_LEVEL = 0;
				GCC_PREPROCESSOR_DEFINITIONS = (
					"DEBUG=1",
					"$(inherited)",
				);
				GCC_WARN_64_TO_32_BIT_CONVERSION = YES;
				GCC_WARN_ABOUT_RETURN_TYPE = YES_ERROR;
				GCC_WARN_UNDECLARED_SELECTOR = YES;
				GCC_WARN_UNINITIALIZED_AUTOS = YES_AGGRESSIVE;
				GCC_WARN_UNUSED_FUNCTION = YES;
				GCC_WARN_UNUSED_VARIABLE = YES;
				IPHONEOS_DEPLOYMENT_TARGET = 16.2;
				MTL_ENABLE_DEBUG_INFO = INCLUDE_SOURCE;
				MTL_FAST_MATH = YES;
				ONLY_ACTIVE_ARCH = YES;
				SDKROOT = iphoneos;
				SWIFT_ACTIVE_COMPILATION_CONDITIONS = DEBUG;
				SWIFT_OPTIMIZATION_LEVEL = "-Onone";
			};
			name = Debug;
		};
		B0C64DD229B5ED0800C3BC07 /* Release */ = {
			isa = XCBuildConfiguration;
			buildSettings = {
				ALWAYS_SEARCH_USER_PATHS = NO;
				CLANG_ANALYZER_NONNULL = YES;
				CLANG_ANALYZER_NUMBER_OBJECT_CONVERSION = YES_AGGRESSIVE;
				CLANG_CXX_LANGUAGE_STANDARD = "gnu++20";
				CLANG_ENABLE_MODULES = YES;
				CLANG_ENABLE_OBJC_ARC = YES;
				CLANG_ENABLE_OBJC_WEAK = YES;
				CLANG_WARN_BLOCK_CAPTURE_AUTORELEASING = YES;
				CLANG_WARN_BOOL_CONVERSION = YES;
				CLANG_WARN_COMMA = YES;
				CLANG_WARN_CONSTANT_CONVERSION = YES;
				CLANG_WARN_DEPRECATED_OBJC_IMPLEMENTATIONS = YES;
				CLANG_WARN_DIRECT_OBJC_ISA_USAGE = YES_ERROR;
				CLANG_WARN_DOCUMENTATION_COMMENTS = YES;
				CLANG_WARN_EMPTY_BODY = YES;
				CLANG_WARN_ENUM_CONVERSION = YES;
				CLANG_WARN_INFINITE_RECURSION = YES;
				CLANG_WARN_INT_CONVERSION = YES;
				CLANG_WARN_NON_LITERAL_NULL_CONVERSION = YES;
				CLANG_WARN_OBJC_IMPLICIT_RETAIN_SELF = YES;
				CLANG_WARN_OBJC_LITERAL_CONVERSION = YES;
				CLANG_WARN_OBJC_ROOT_CLASS = YES_ERROR;
				CLANG_WARN_QUOTED_INCLUDE_IN_FRAMEWORK_HEADER = YES;
				CLANG_WARN_RANGE_LOOP_ANALYSIS = YES;
				CLANG_WARN_STRICT_PROTOTYPES = YES;
				CLANG_WARN_SUSPICIOUS_MOVE = YES;
				CLANG_WARN_UNGUARDED_AVAILABILITY = YES_AGGRESSIVE;
				CLANG_WARN_UNREACHABLE_CODE = YES;
				CLANG_WARN__DUPLICATE_METHOD_MATCH = YES;
				COPY_PHASE_STRIP = NO;
				DEBUG_INFORMATION_FORMAT = "dwarf-with-dsym";
				ENABLE_NS_ASSERTIONS = NO;
				ENABLE_STRICT_OBJC_MSGSEND = YES;
				GCC_C_LANGUAGE_STANDARD = gnu11;
				GCC_NO_COMMON_BLOCKS = YES;
				GCC_WARN_64_TO_32_BIT_CONVERSION = YES;
				GCC_WARN_ABOUT_RETURN_TYPE = YES_ERROR;
				GCC_WARN_UNDECLARED_SELECTOR = YES;
				GCC_WARN_UNINITIALIZED_AUTOS = YES_AGGRESSIVE;
				GCC_WARN_UNUSED_FUNCTION = YES;
				GCC_WARN_UNUSED_VARIABLE = YES;
				IPHONEOS_DEPLOYMENT_TARGET = 16.2;
				MTL_ENABLE_DEBUG_INFO = NO;
				MTL_FAST_MATH = YES;
				SDKROOT = iphoneos;
				SWIFT_COMPILATION_MODE = wholemodule;
				SWIFT_OPTIMIZATION_LEVEL = "-O";
				VALIDATE_PRODUCT = YES;
			};
			name = Release;
		};
		B0C64DD429B5ED0800C3BC07 /* Debug */ = {
			isa = XCBuildConfiguration;
			buildSettings = {
				ASSETCATALOG_COMPILER_APPICON_NAME = AppIcon;
				ASSETCATALOG_COMPILER_GLOBAL_ACCENT_COLOR_NAME = AccentColor;
				CODE_SIGN_ENTITLEMENTS = CaffeineNap/CaffeineNap.entitlements;
				CODE_SIGN_STYLE = Automatic;
				CURRENT_PROJECT_VERSION = 1;
				DEVELOPMENT_ASSET_PATHS = "\"CaffeineNap/Preview Content\"";
				DEVELOPMENT_TEAM = YQD5MQWX93;
				ENABLE_PREVIEWS = YES;
				GENERATE_INFOPLIST_FILE = YES;
				INFOPLIST_KEY_UIApplicationSceneManifest_Generation = YES;
				INFOPLIST_KEY_UIApplicationSupportsIndirectInputEvents = YES;
				INFOPLIST_KEY_UILaunchScreen_Generation = YES;
				INFOPLIST_KEY_UISupportedInterfaceOrientations_iPad = "UIInterfaceOrientationPortrait UIInterfaceOrientationPortraitUpsideDown UIInterfaceOrientationLandscapeLeft UIInterfaceOrientationLandscapeRight";
				INFOPLIST_KEY_UISupportedInterfaceOrientations_iPhone = "UIInterfaceOrientationPortrait UIInterfaceOrientationLandscapeLeft UIInterfaceOrientationLandscapeRight";
				LD_RUNPATH_SEARCH_PATHS = (
					"$(inherited)",
					"@executable_path/Frameworks",
				);
				MARKETING_VERSION = 1.0;
				PRODUCT_BUNDLE_IDENTIFIER = com.BianDhoanKwik.CaffeineNap;
				PRODUCT_NAME = "$(TARGET_NAME)";
				SWIFT_EMIT_LOC_STRINGS = YES;
				SWIFT_VERSION = 5.0;
				TARGETED_DEVICE_FAMILY = "1,2";
			};
			name = Debug;
		};
		B0C64DD529B5ED0800C3BC07 /* Release */ = {
			isa = XCBuildConfiguration;
			buildSettings = {
				ASSETCATALOG_COMPILER_APPICON_NAME = AppIcon;
				ASSETCATALOG_COMPILER_GLOBAL_ACCENT_COLOR_NAME = AccentColor;
				CODE_SIGN_ENTITLEMENTS = CaffeineNap/CaffeineNap.entitlements;
				CODE_SIGN_STYLE = Automatic;
				CURRENT_PROJECT_VERSION = 1;
				DEVELOPMENT_ASSET_PATHS = "\"CaffeineNap/Preview Content\"";
				DEVELOPMENT_TEAM = YQD5MQWX93;
				ENABLE_PREVIEWS = YES;
				GENERATE_INFOPLIST_FILE = YES;
				INFOPLIST_KEY_UIApplicationSceneManifest_Generation = YES;
				INFOPLIST_KEY_UIApplicationSupportsIndirectInputEvents = YES;
				INFOPLIST_KEY_UILaunchScreen_Generation = YES;
				INFOPLIST_KEY_UISupportedInterfaceOrientations_iPad = "UIInterfaceOrientationPortrait UIInterfaceOrientationPortraitUpsideDown UIInterfaceOrientationLandscapeLeft UIInterfaceOrientationLandscapeRight";
				INFOPLIST_KEY_UISupportedInterfaceOrientations_iPhone = "UIInterfaceOrientationPortrait UIInterfaceOrientationLandscapeLeft UIInterfaceOrientationLandscapeRight";
				LD_RUNPATH_SEARCH_PATHS = (
					"$(inherited)",
					"@executable_path/Frameworks",
				);
				MARKETING_VERSION = 1.0;
				PRODUCT_BUNDLE_IDENTIFIER = com.BianDhoanKwik.CaffeineNap;
				PRODUCT_NAME = "$(TARGET_NAME)";
				SWIFT_EMIT_LOC_STRINGS = YES;
				SWIFT_VERSION = 5.0;
				TARGETED_DEVICE_FAMILY = "1,2";
			};
			name = Release;
		};
/* End XCBuildConfiguration section */

/* Begin XCConfigurationList section */
		B0C64DC029B5ED0700C3BC07 /* Build configuration list for PBXProject "CaffeineNap" */ = {
			isa = XCConfigurationList;
			buildConfigurations = (
				B0C64DD129B5ED0800C3BC07 /* Debug */,
				B0C64DD229B5ED0800C3BC07 /* Release */,
			);
			defaultConfigurationIsVisible = 0;
			defaultConfigurationName = Release;
		};
		B0C64DD329B5ED0800C3BC07 /* Build configuration list for PBXNativeTarget "CaffeineNap" */ = {
			isa = XCConfigurationList;
			buildConfigurations = (
				B0C64DD429B5ED0800C3BC07 /* Debug */,
				B0C64DD529B5ED0800C3BC07 /* Release */,
			);
			defaultConfigurationIsVisible = 0;
			defaultConfigurationName = Release;
		};
/* End XCConfigurationList section */
	};
	rootObject = B0C64DBD29B5ED0700C3BC07 /* Project object */;
}
